// !$*UTF8*$!
{
	archiveVersion = 1;
	classes = {
	};
	objectVersion = 51;
	objects = {

/* Begin PBXBuildFile section */
		6E268B9926298BA000B46E3B /* Product.swift in Sources */ = {isa = PBXBuildFile; fileRef = 6E268B9826298B9F00B46E3B /* Product.swift */; };
		6E2B847526285C31007682CB /* AppDelegate.swift in Sources */ = {isa = PBXBuildFile; fileRef = 6E2B847426285C31007682CB /* AppDelegate.swift */; };
		6E2B847E26285C31007682CB /* Assets.xcassets in Resources */ = {isa = PBXBuildFile; fileRef = 6E2B847D26285C31007682CB /* Assets.xcassets */; };
		6E2B848126285C31007682CB /* LaunchScreen.storyboard in Resources */ = {isa = PBXBuildFile; fileRef = 6E2B847F26285C31007682CB /* LaunchScreen.storyboard */; };
		6E2B848C26285C31007682CB /* Dependency_InjectionTests.swift in Sources */ = {isa = PBXBuildFile; fileRef = 6E2B848B26285C31007682CB /* Dependency_InjectionTests.swift */; };
		6E2B849726285C31007682CB /* Dependency_InjectionUITests.swift in Sources */ = {isa = PBXBuildFile; fileRef = 6E2B849626285C31007682CB /* Dependency_InjectionUITests.swift */; };
		6E2B84B726285D9B007682CB /* Fruit.swift in Sources */ = {isa = PBXBuildFile; fileRef = 6E2B84B626285D9B007682CB /* Fruit.swift */; };
		6E2B84C826285EB3007682CB /* ShoppingCart.swift in Sources */ = {isa = PBXBuildFile; fileRef = 6E2B84C726285EB3007682CB /* ShoppingCart.swift */; };
		6E2B84CD26286C3C007682CB /* ShopService.swift in Sources */ = {isa = PBXBuildFile; fileRef = 6E2B84CC26286C3C007682CB /* ShopService.swift */; };
		6E9F1A2B2628883900B22826 /* ShopRepository.swift in Sources */ = {isa = PBXBuildFile; fileRef = 6E9F1A2A2628883900B22826 /* ShopRepository.swift */; };
		6E9F1A3726288A9400B22826 /* GetProductsUseCase.swift in Sources */ = {isa = PBXBuildFile; fileRef = 6E9F1A3626288A9400B22826 /* GetProductsUseCase.swift */; };
		6E9F1A3C26288AE600B22826 /* PurchaseProductsUseCase.swift in Sources */ = {isa = PBXBuildFile; fileRef = 6E9F1A3B26288AE600B22826 /* PurchaseProductsUseCase.swift */; };
		6E9F1A4126288BFA00B22826 /* ShopVM.swift in Sources */ = {isa = PBXBuildFile; fileRef = 6E9F1A4026288BFA00B22826 /* ShopVM.swift */; };
		6E9F1A4726288C1400B22826 /* ViewModelType.swift in Sources */ = {isa = PBXBuildFile; fileRef = 6E9F1A4626288C1400B22826 /* ViewModelType.swift */; };
		6EB784D226299A690059E093 /* ShopViewMapper.swift in Sources */ = {isa = PBXBuildFile; fileRef = 6EB784D126299A690059E093 /* ShopViewMapper.swift */; };
		8848CEE922B9985C0A3F5710 /* Pods_Dependency_InjectionTests.framework in Frameworks */ = {isa = PBXBuildFile; fileRef = 8D6003550025AE47F6EBD3B3 /* Pods_Dependency_InjectionTests.framework */; };
		DCABD4E3867335384C505D9E /* Pods_Dependency_Injection_Dependency_InjectionUITests.framework in Frameworks */ = {isa = PBXBuildFile; fileRef = 5C809232352EAFAE2AEF1FAC /* Pods_Dependency_Injection_Dependency_InjectionUITests.framework */; };
		FCE8354D9678E8C0B7105080 /* Pods_Dependency_Injection.framework in Frameworks */ = {isa = PBXBuildFile; fileRef = 2B01D24DE8D76E1B65393DA6 /* Pods_Dependency_Injection.framework */; };
/* End PBXBuildFile section */

/* Begin PBXContainerItemProxy section */
		6E2B848826285C31007682CB /* PBXContainerItemProxy */ = {
			isa = PBXContainerItemProxy;
			containerPortal = 6E2B846926285C30007682CB /* Project object */;
			proxyType = 1;
			remoteGlobalIDString = 6E2B847026285C30007682CB;
			remoteInfo = "Dependency Injection";
		};
		6E2B849326285C31007682CB /* PBXContainerItemProxy */ = {
			isa = PBXContainerItemProxy;
			containerPortal = 6E2B846926285C30007682CB /* Project object */;
			proxyType = 1;
			remoteGlobalIDString = 6E2B847026285C30007682CB;
			remoteInfo = "Dependency Injection";
		};
/* End PBXContainerItemProxy section */

/* Begin PBXFileReference section */
		2B01D24DE8D76E1B65393DA6 /* Pods_Dependency_Injection.framework */ = {isa = PBXFileReference; explicitFileType = wrapper.framework; includeInIndex = 0; path = Pods_Dependency_Injection.framework; sourceTree = BUILT_PRODUCTS_DIR; };
		5C809232352EAFAE2AEF1FAC /* Pods_Dependency_Injection_Dependency_InjectionUITests.framework */ = {isa = PBXFileReference; explicitFileType = wrapper.framework; includeInIndex = 0; path = Pods_Dependency_Injection_Dependency_InjectionUITests.framework; sourceTree = BUILT_PRODUCTS_DIR; };
		6E268B9826298B9F00B46E3B /* Product.swift */ = {isa = PBXFileReference; lastKnownFileType = sourcecode.swift; path = Product.swift; sourceTree = "<group>"; };
		6E2B847126285C31007682CB /* Dependency Injection.app */ = {isa = PBXFileReference; explicitFileType = wrapper.application; includeInIndex = 0; path = "Dependency Injection.app"; sourceTree = BUILT_PRODUCTS_DIR; };
		6E2B847426285C31007682CB /* AppDelegate.swift */ = {isa = PBXFileReference; lastKnownFileType = sourcecode.swift; path = AppDelegate.swift; sourceTree = "<group>"; };
		6E2B847D26285C31007682CB /* Assets.xcassets */ = {isa = PBXFileReference; lastKnownFileType = folder.assetcatalog; path = Assets.xcassets; sourceTree = "<group>"; };
		6E2B848026285C31007682CB /* Base */ = {isa = PBXFileReference; lastKnownFileType = file.storyboard; name = Base; path = Base.lproj/LaunchScreen.storyboard; sourceTree = "<group>"; };
		6E2B848226285C31007682CB /* Info.plist */ = {isa = PBXFileReference; lastKnownFileType = text.plist.xml; path = Info.plist; sourceTree = "<group>"; };
		6E2B848726285C31007682CB /* Dependency InjectionTests.xctest */ = {isa = PBXFileReference; explicitFileType = wrapper.cfbundle; includeInIndex = 0; path = "Dependency InjectionTests.xctest"; sourceTree = BUILT_PRODUCTS_DIR; };
		6E2B848B26285C31007682CB /* Dependency_InjectionTests.swift */ = {isa = PBXFileReference; lastKnownFileType = sourcecode.swift; path = Dependency_InjectionTests.swift; sourceTree = "<group>"; };
		6E2B848D26285C31007682CB /* Info.plist */ = {isa = PBXFileReference; lastKnownFileType = text.plist.xml; path = Info.plist; sourceTree = "<group>"; };
		6E2B849226285C31007682CB /* Dependency InjectionUITests.xctest */ = {isa = PBXFileReference; explicitFileType = wrapper.cfbundle; includeInIndex = 0; path = "Dependency InjectionUITests.xctest"; sourceTree = BUILT_PRODUCTS_DIR; };
		6E2B849626285C31007682CB /* Dependency_InjectionUITests.swift */ = {isa = PBXFileReference; lastKnownFileType = sourcecode.swift; path = Dependency_InjectionUITests.swift; sourceTree = "<group>"; };
		6E2B849826285C31007682CB /* Info.plist */ = {isa = PBXFileReference; lastKnownFileType = text.plist.xml; path = Info.plist; sourceTree = "<group>"; };
		6E2B84B626285D9B007682CB /* Fruit.swift */ = {isa = PBXFileReference; lastKnownFileType = sourcecode.swift; path = Fruit.swift; sourceTree = "<group>"; };
		6E2B84C726285EB3007682CB /* ShoppingCart.swift */ = {isa = PBXFileReference; lastKnownFileType = sourcecode.swift; path = ShoppingCart.swift; sourceTree = "<group>"; };
		6E2B84CC26286C3C007682CB /* ShopService.swift */ = {isa = PBXFileReference; lastKnownFileType = sourcecode.swift; path = ShopService.swift; sourceTree = "<group>"; };
		6E9F1A2A2628883900B22826 /* ShopRepository.swift */ = {isa = PBXFileReference; lastKnownFileType = sourcecode.swift; path = ShopRepository.swift; sourceTree = "<group>"; };
		6E9F1A3626288A9400B22826 /* GetProductsUseCase.swift */ = {isa = PBXFileReference; lastKnownFileType = sourcecode.swift; path = GetProductsUseCase.swift; sourceTree = "<group>"; };
		6E9F1A3B26288AE600B22826 /* PurchaseProductsUseCase.swift */ = {isa = PBXFileReference; lastKnownFileType = sourcecode.swift; path = PurchaseProductsUseCase.swift; sourceTree = "<group>"; };
		6E9F1A4026288BFA00B22826 /* ShopVM.swift */ = {isa = PBXFileReference; lastKnownFileType = sourcecode.swift; path = ShopVM.swift; sourceTree = "<group>"; };
		6E9F1A4626288C1400B22826 /* ViewModelType.swift */ = {isa = PBXFileReference; lastKnownFileType = sourcecode.swift; path = ViewModelType.swift; sourceTree = "<group>"; };
		6EB784D126299A690059E093 /* ShopViewMapper.swift */ = {isa = PBXFileReference; lastKnownFileType = sourcecode.swift; path = ShopViewMapper.swift; sourceTree = "<group>"; };
		6FD501C920CA5C189051F463 /* Pods-Dependency Injection.debug.xcconfig */ = {isa = PBXFileReference; includeInIndex = 1; lastKnownFileType = text.xcconfig; name = "Pods-Dependency Injection.debug.xcconfig"; path = "Target Support Files/Pods-Dependency Injection/Pods-Dependency Injection.debug.xcconfig"; sourceTree = "<group>"; };
		870FC42C4ECE0B4B7FA365FB /* Pods-Dependency InjectionTests.release.xcconfig */ = {isa = PBXFileReference; includeInIndex = 1; lastKnownFileType = text.xcconfig; name = "Pods-Dependency InjectionTests.release.xcconfig"; path = "Target Support Files/Pods-Dependency InjectionTests/Pods-Dependency InjectionTests.release.xcconfig"; sourceTree = "<group>"; };
		8D6003550025AE47F6EBD3B3 /* Pods_Dependency_InjectionTests.framework */ = {isa = PBXFileReference; explicitFileType = wrapper.framework; includeInIndex = 0; path = Pods_Dependency_InjectionTests.framework; sourceTree = BUILT_PRODUCTS_DIR; };
		99DC2D54725AB6CA0560680E /* Pods-Dependency InjectionTests.debug.xcconfig */ = {isa = PBXFileReference; includeInIndex = 1; lastKnownFileType = text.xcconfig; name = "Pods-Dependency InjectionTests.debug.xcconfig"; path = "Target Support Files/Pods-Dependency InjectionTests/Pods-Dependency InjectionTests.debug.xcconfig"; sourceTree = "<group>"; };
		9A21AD611F4DC3D8ED6CF394 /* Pods-Dependency Injection-Dependency InjectionUITests.debug.xcconfig */ = {isa = PBXFileReference; includeInIndex = 1; lastKnownFileType = text.xcconfig; name = "Pods-Dependency Injection-Dependency InjectionUITests.debug.xcconfig"; path = "Target Support Files/Pods-Dependency Injection-Dependency InjectionUITests/Pods-Dependency Injection-Dependency InjectionUITests.debug.xcconfig"; sourceTree = "<group>"; };
		D127174E874FE8B7E176819A /* Pods-Dependency Injection.release.xcconfig */ = {isa = PBXFileReference; includeInIndex = 1; lastKnownFileType = text.xcconfig; name = "Pods-Dependency Injection.release.xcconfig"; path = "Target Support Files/Pods-Dependency Injection/Pods-Dependency Injection.release.xcconfig"; sourceTree = "<group>"; };
		DF2FA84A0DB27A2AA2A19EC9 /* Pods-Dependency Injection-Dependency InjectionUITests.release.xcconfig */ = {isa = PBXFileReference; includeInIndex = 1; lastKnownFileType = text.xcconfig; name = "Pods-Dependency Injection-Dependency InjectionUITests.release.xcconfig"; path = "Target Support Files/Pods-Dependency Injection-Dependency InjectionUITests/Pods-Dependency Injection-Dependency InjectionUITests.release.xcconfig"; sourceTree = "<group>"; };
/* End PBXFileReference section */

/* Begin PBXFrameworksBuildPhase section */
		6E2B846E26285C30007682CB /* Frameworks */ = {
			isa = PBXFrameworksBuildPhase;
			buildActionMask = 2147483647;
			files = (
				FCE8354D9678E8C0B7105080 /* Pods_Dependency_Injection.framework in Frameworks */,
			);
			runOnlyForDeploymentPostprocessing = 0;
		};
		6E2B848426285C31007682CB /* Frameworks */ = {
			isa = PBXFrameworksBuildPhase;
			buildActionMask = 2147483647;
			files = (
				8848CEE922B9985C0A3F5710 /* Pods_Dependency_InjectionTests.framework in Frameworks */,
			);
			runOnlyForDeploymentPostprocessing = 0;
		};
		6E2B848F26285C31007682CB /* Frameworks */ = {
			isa = PBXFrameworksBuildPhase;
			buildActionMask = 2147483647;
			files = (
				DCABD4E3867335384C505D9E /* Pods_Dependency_Injection_Dependency_InjectionUITests.framework in Frameworks */,
			);
			runOnlyForDeploymentPostprocessing = 0;
		};
/* End PBXFrameworksBuildPhase section */

/* Begin PBXGroup section */
		2B50635E951FDA692A657361 /* Pods */ = {
			isa = PBXGroup;
			children = (
				6FD501C920CA5C189051F463 /* Pods-Dependency Injection.debug.xcconfig */,
				D127174E874FE8B7E176819A /* Pods-Dependency Injection.release.xcconfig */,
				9A21AD611F4DC3D8ED6CF394 /* Pods-Dependency Injection-Dependency InjectionUITests.debug.xcconfig */,
				DF2FA84A0DB27A2AA2A19EC9 /* Pods-Dependency Injection-Dependency InjectionUITests.release.xcconfig */,
				99DC2D54725AB6CA0560680E /* Pods-Dependency InjectionTests.debug.xcconfig */,
				870FC42C4ECE0B4B7FA365FB /* Pods-Dependency InjectionTests.release.xcconfig */,
			);
			path = Pods;
			sourceTree = "<group>";
		};
		6E2B846826285C30007682CB = {
			isa = PBXGroup;
			children = (
				6E2B847326285C31007682CB /* Dependency Injection */,
				6E2B848A26285C31007682CB /* Dependency InjectionTests */,
				6E2B849526285C31007682CB /* Dependency InjectionUITests */,
				6E2B847226285C31007682CB /* Products */,
				2B50635E951FDA692A657361 /* Pods */,
				EB856468E7831A4E55900568 /* Frameworks */,
			);
			sourceTree = "<group>";
		};
		6E2B847226285C31007682CB /* Products */ = {
			isa = PBXGroup;
			children = (
				6E2B847126285C31007682CB /* Dependency Injection.app */,
				6E2B848726285C31007682CB /* Dependency InjectionTests.xctest */,
				6E2B849226285C31007682CB /* Dependency InjectionUITests.xctest */,
			);
			name = Products;
			sourceTree = "<group>";
		};
		6E2B847326285C31007682CB /* Dependency Injection */ = {
			isa = PBXGroup;
			children = (
				6E9F1A4526288C0900B22826 /* Protocols */,
				6E2B84B026285C99007682CB /* Data */,
				6E2B84B126285C9D007682CB /* Domain */,
				6E2B84B226285CA4007682CB /* Presentation */,
				6E2B847426285C31007682CB /* AppDelegate.swift */,
				6E2B847D26285C31007682CB /* Assets.xcassets */,
				6E2B847F26285C31007682CB /* LaunchScreen.storyboard */,
				6E2B848226285C31007682CB /* Info.plist */,
			);
			path = "Dependency Injection";
			sourceTree = "<group>";
		};
		6E2B848A26285C31007682CB /* Dependency InjectionTests */ = {
			isa = PBXGroup;
			children = (
				6E2B848B26285C31007682CB /* Dependency_InjectionTests.swift */,
				6E2B848D26285C31007682CB /* Info.plist */,
			);
			path = "Dependency InjectionTests";
			sourceTree = "<group>";
		};
		6E2B849526285C31007682CB /* Dependency InjectionUITests */ = {
			isa = PBXGroup;
			children = (
				6E2B849626285C31007682CB /* Dependency_InjectionUITests.swift */,
				6E2B849826285C31007682CB /* Info.plist */,
			);
			path = "Dependency InjectionUITests";
			sourceTree = "<group>";
		};
		6E2B84B026285C99007682CB /* Data */ = {
			isa = PBXGroup;
			children = (
				6E2B84B426285CB1007682CB /* Repository */,
				6E2B84B326285CAD007682CB /* Service */,
			);
			path = Data;
			sourceTree = "<group>";
		};
		6E2B84B126285C9D007682CB /* Domain */ = {
			isa = PBXGroup;
			children = (
				6E9F1A3526288A8800B22826 /* UseCase */,
				6E2B84BE26285DF3007682CB /* Model */,
			);
			path = Domain;
			sourceTree = "<group>";
		};
		6E2B84B226285CA4007682CB /* Presentation */ = {
			isa = PBXGroup;
			children = (
				6E9F1A4026288BFA00B22826 /* ShopVM.swift */,
				6EB784D126299A690059E093 /* ShopViewMapper.swift */,
			);
			path = Presentation;
			sourceTree = "<group>";
		};
		6E2B84B326285CAD007682CB /* Service */ = {
			isa = PBXGroup;
			children = (
				6E2B84CC26286C3C007682CB /* ShopService.swift */,
			);
			path = Service;
			sourceTree = "<group>";
		};
		6E2B84B426285CB1007682CB /* Repository */ = {
			isa = PBXGroup;
			children = (
				6E9F1A2A2628883900B22826 /* ShopRepository.swift */,
			);
			path = Repository;
			sourceTree = "<group>";
		};
		6E2B84BE26285DF3007682CB /* Model */ = {
			isa = PBXGroup;
			children = (
				6E2B84B626285D9B007682CB /* Fruit.swift */,
				6E2B84C726285EB3007682CB /* ShoppingCart.swift */,
			);
			path = Model;
			sourceTree = "<group>";
		};
		6E9F1A3526288A8800B22826 /* UseCase */ = {
			isa = PBXGroup;
			children = (
				6E9F1A3626288A9400B22826 /* GetProductsUseCase.swift */,
				6E9F1A3B26288AE600B22826 /* PurchaseProductsUseCase.swift */,
			);
			path = UseCase;
			sourceTree = "<group>";
		};
		6E9F1A4526288C0900B22826 /* Protocols */ = {
			isa = PBXGroup;
			children = (
				6E9F1A4626288C1400B22826 /* ViewModelType.swift */,
				6E268B9826298B9F00B46E3B /* Product.swift */,
			);
			path = Protocols;
			sourceTree = "<group>";
		};
		EB856468E7831A4E55900568 /* Frameworks */ = {
			isa = PBXGroup;
			children = (
				2B01D24DE8D76E1B65393DA6 /* Pods_Dependency_Injection.framework */,
				5C809232352EAFAE2AEF1FAC /* Pods_Dependency_Injection_Dependency_InjectionUITests.framework */,
				8D6003550025AE47F6EBD3B3 /* Pods_Dependency_InjectionTests.framework */,
			);
			name = Frameworks;
			sourceTree = "<group>";
		};
/* End PBXGroup section */

/* Begin PBXNativeTarget section */
		6E2B847026285C30007682CB /* Dependency Injection */ = {
			isa = PBXNativeTarget;
			buildConfigurationList = 6E2B849B26285C31007682CB /* Build configuration list for PBXNativeTarget "Dependency Injection" */;
			buildPhases = (
				6469072DD57FB09838F4A0B5 /* [CP] Check Pods Manifest.lock */,
				6E2B846D26285C30007682CB /* Sources */,
				6E2B846E26285C30007682CB /* Frameworks */,
				6E2B846F26285C30007682CB /* Resources */,
				4D694CEF6BB74A03235B99D8 /* [CP] Embed Pods Frameworks */,
			);
			buildRules = (
			);
			dependencies = (
			);
			name = "Dependency Injection";
			productName = "Dependency Injection";
			productReference = 6E2B847126285C31007682CB /* Dependency Injection.app */;
			productType = "com.apple.product-type.application";
		};
		6E2B848626285C31007682CB /* Dependency InjectionTests */ = {
			isa = PBXNativeTarget;
			buildConfigurationList = 6E2B849E26285C31007682CB /* Build configuration list for PBXNativeTarget "Dependency InjectionTests" */;
			buildPhases = (
				75C8A5AA4CC8227EF13AE47C /* [CP] Check Pods Manifest.lock */,
				6E2B848326285C31007682CB /* Sources */,
				6E2B848426285C31007682CB /* Frameworks */,
				6E2B848526285C31007682CB /* Resources */,
				CAB588C44E6D8632C1062392 /* [CP] Embed Pods Frameworks */,
			);
			buildRules = (
			);
			dependencies = (
				6E2B848926285C31007682CB /* PBXTargetDependency */,
			);
			name = "Dependency InjectionTests";
			productName = "Dependency InjectionTests";
			productReference = 6E2B848726285C31007682CB /* Dependency InjectionTests.xctest */;
			productType = "com.apple.product-type.bundle.unit-test";
		};
		6E2B849126285C31007682CB /* Dependency InjectionUITests */ = {
			isa = PBXNativeTarget;
			buildConfigurationList = 6E2B84A126285C31007682CB /* Build configuration list for PBXNativeTarget "Dependency InjectionUITests" */;
			buildPhases = (
				016E8B38AC41EF500B157E67 /* [CP] Check Pods Manifest.lock */,
				6E2B848E26285C31007682CB /* Sources */,
				6E2B848F26285C31007682CB /* Frameworks */,
				6E2B849026285C31007682CB /* Resources */,
				F6851E1E9E46201A1B5BBCB2 /* [CP] Embed Pods Frameworks */,
			);
			buildRules = (
			);
			dependencies = (
				6E2B849426285C31007682CB /* PBXTargetDependency */,
			);
			name = "Dependency InjectionUITests";
			productName = "Dependency InjectionUITests";
			productReference = 6E2B849226285C31007682CB /* Dependency InjectionUITests.xctest */;
			productType = "com.apple.product-type.bundle.ui-testing";
		};
/* End PBXNativeTarget section */

/* Begin PBXProject section */
		6E2B846926285C30007682CB /* Project object */ = {
			isa = PBXProject;
			attributes = {
				LastSwiftUpdateCheck = 1240;
				LastUpgradeCheck = 1240;
				TargetAttributes = {
					6E2B847026285C30007682CB = {
						CreatedOnToolsVersion = 12.4;
					};
					6E2B848626285C31007682CB = {
						CreatedOnToolsVersion = 12.4;
						TestTargetID = 6E2B847026285C30007682CB;
					};
					6E2B849126285C31007682CB = {
						CreatedOnToolsVersion = 12.4;
						TestTargetID = 6E2B847026285C30007682CB;
					};
				};
			};
			buildConfigurationList = 6E2B846C26285C30007682CB /* Build configuration list for PBXProject "Dependency Injection" */;
			compatibilityVersion = "Xcode 9.3";
			developmentRegion = en;
			hasScannedForEncodings = 0;
			knownRegions = (
				en,
				Base,
			);
			mainGroup = 6E2B846826285C30007682CB;
			productRefGroup = 6E2B847226285C31007682CB /* Products */;
			projectDirPath = "";
			projectRoot = "";
			targets = (
				6E2B847026285C30007682CB /* Dependency Injection */,
				6E2B848626285C31007682CB /* Dependency InjectionTests */,
				6E2B849126285C31007682CB /* Dependency InjectionUITests */,
			);
		};
/* End PBXProject section */

/* Begin PBXResourcesBuildPhase section */
		6E2B846F26285C30007682CB /* Resources */ = {
			isa = PBXResourcesBuildPhase;
			buildActionMask = 2147483647;
			files = (
				6E2B848126285C31007682CB /* LaunchScreen.storyboard in Resources */,
				6E2B847E26285C31007682CB /* Assets.xcassets in Resources */,
			);
			runOnlyForDeploymentPostprocessing = 0;
		};
		6E2B848526285C31007682CB /* Resources */ = {
			isa = PBXResourcesBuildPhase;
			buildActionMask = 2147483647;
			files = (
			);
			runOnlyForDeploymentPostprocessing = 0;
		};
		6E2B849026285C31007682CB /* Resources */ = {
			isa = PBXResourcesBuildPhase;
			buildActionMask = 2147483647;
			files = (
			);
			runOnlyForDeploymentPostprocessing = 0;
		};
/* End PBXResourcesBuildPhase section */

/* Begin PBXShellScriptBuildPhase section */
		016E8B38AC41EF500B157E67 /* [CP] Check Pods Manifest.lock */ = {
			isa = PBXShellScriptBuildPhase;
			buildActionMask = 2147483647;
			files = (
			);
			inputFileListPaths = (
			);
			inputPaths = (
				"${PODS_PODFILE_DIR_PATH}/Podfile.lock",
				"${PODS_ROOT}/Manifest.lock",
			);
			name = "[CP] Check Pods Manifest.lock";
			outputFileListPaths = (
			);
			outputPaths = (
				"$(DERIVED_FILE_DIR)/Pods-Dependency Injection-Dependency InjectionUITests-checkManifestLockResult.txt",
			);
			runOnlyForDeploymentPostprocessing = 0;
			shellPath = /bin/sh;
			shellScript = "diff \"${PODS_PODFILE_DIR_PATH}/Podfile.lock\" \"${PODS_ROOT}/Manifest.lock\" > /dev/null\nif [ $? != 0 ] ; then\n    # print error to STDERR\n    echo \"error: The sandbox is not in sync with the Podfile.lock. Run 'pod install' or update your CocoaPods installation.\" >&2\n    exit 1\nfi\n# This output is used by Xcode 'outputs' to avoid re-running this script phase.\necho \"SUCCESS\" > \"${SCRIPT_OUTPUT_FILE_0}\"\n";
			showEnvVarsInLog = 0;
		};
		4D694CEF6BB74A03235B99D8 /* [CP] Embed Pods Frameworks */ = {
			isa = PBXShellScriptBuildPhase;
			buildActionMask = 2147483647;
			files = (
			);
			inputFileListPaths = (
				"${PODS_ROOT}/Target Support Files/Pods-Dependency Injection/Pods-Dependency Injection-frameworks-${CONFIGURATION}-input-files.xcfilelist",
			);
			name = "[CP] Embed Pods Frameworks";
			outputFileListPaths = (
				"${PODS_ROOT}/Target Support Files/Pods-Dependency Injection/Pods-Dependency Injection-frameworks-${CONFIGURATION}-output-files.xcfilelist",
			);
			runOnlyForDeploymentPostprocessing = 0;
			shellPath = /bin/sh;
			shellScript = "\"${PODS_ROOT}/Target Support Files/Pods-Dependency Injection/Pods-Dependency Injection-frameworks.sh\"\n";
			showEnvVarsInLog = 0;
		};
		6469072DD57FB09838F4A0B5 /* [CP] Check Pods Manifest.lock */ = {
			isa = PBXShellScriptBuildPhase;
			buildActionMask = 2147483647;
			files = (
			);
			inputFileListPaths = (
			);
			inputPaths = (
				"${PODS_PODFILE_DIR_PATH}/Podfile.lock",
				"${PODS_ROOT}/Manifest.lock",
			);
			name = "[CP] Check Pods Manifest.lock";
			outputFileListPaths = (
			);
			outputPaths = (
				"$(DERIVED_FILE_DIR)/Pods-Dependency Injection-checkManifestLockResult.txt",
			);
			runOnlyForDeploymentPostprocessing = 0;
			shellPath = /bin/sh;
			shellScript = "diff \"${PODS_PODFILE_DIR_PATH}/Podfile.lock\" \"${PODS_ROOT}/Manifest.lock\" > /dev/null\nif [ $? != 0 ] ; then\n    # print error to STDERR\n    echo \"error: The sandbox is not in sync with the Podfile.lock. Run 'pod install' or update your CocoaPods installation.\" >&2\n    exit 1\nfi\n# This output is used by Xcode 'outputs' to avoid re-running this script phase.\necho \"SUCCESS\" > \"${SCRIPT_OUTPUT_FILE_0}\"\n";
			showEnvVarsInLog = 0;
		};
		75C8A5AA4CC8227EF13AE47C /* [CP] Check Pods Manifest.lock */ = {
			isa = PBXShellScriptBuildPhase;
			buildActionMask = 2147483647;
			files = (
			);
			inputFileListPaths = (
			);
			inputPaths = (
				"${PODS_PODFILE_DIR_PATH}/Podfile.lock",
				"${PODS_ROOT}/Manifest.lock",
			);
			name = "[CP] Check Pods Manifest.lock";
			outputFileListPaths = (
			);
			outputPaths = (
				"$(DERIVED_FILE_DIR)/Pods-Dependency InjectionTests-checkManifestLockResult.txt",
			);
			runOnlyForDeploymentPostprocessing = 0;
			shellPath = /bin/sh;
			shellScript = "diff \"${PODS_PODFILE_DIR_PATH}/Podfile.lock\" \"${PODS_ROOT}/Manifest.lock\" > /dev/null\nif [ $? != 0 ] ; then\n    # print error to STDERR\n    echo \"error: The sandbox is not in sync with the Podfile.lock. Run 'pod install' or update your CocoaPods installation.\" >&2\n    exit 1\nfi\n# This output is used by Xcode 'outputs' to avoid re-running this script phase.\necho \"SUCCESS\" > \"${SCRIPT_OUTPUT_FILE_0}\"\n";
			showEnvVarsInLog = 0;
		};
		CAB588C44E6D8632C1062392 /* [CP] Embed Pods Frameworks */ = {
			isa = PBXShellScriptBuildPhase;
			buildActionMask = 2147483647;
			files = (
			);
			inputFileListPaths = (
				"${PODS_ROOT}/Target Support Files/Pods-Dependency InjectionTests/Pods-Dependency InjectionTests-frameworks-${CONFIGURATION}-input-files.xcfilelist",
			);
			name = "[CP] Embed Pods Frameworks";
			outputFileListPaths = (
				"${PODS_ROOT}/Target Support Files/Pods-Dependency InjectionTests/Pods-Dependency InjectionTests-frameworks-${CONFIGURATION}-output-files.xcfilelist",
			);
			runOnlyForDeploymentPostprocessing = 0;
			shellPath = /bin/sh;
			shellScript = "\"${PODS_ROOT}/Target Support Files/Pods-Dependency InjectionTests/Pods-Dependency InjectionTests-frameworks.sh\"\n";
			showEnvVarsInLog = 0;
		};
		F6851E1E9E46201A1B5BBCB2 /* [CP] Embed Pods Frameworks */ = {
			isa = PBXShellScriptBuildPhase;
			buildActionMask = 2147483647;
			files = (
			);
			inputFileListPaths = (
				"${PODS_ROOT}/Target Support Files/Pods-Dependency Injection-Dependency InjectionUITests/Pods-Dependency Injection-Dependency InjectionUITests-frameworks-${CONFIGURATION}-input-files.xcfilelist",
			);
			name = "[CP] Embed Pods Frameworks";
			outputFileListPaths = (
				"${PODS_ROOT}/Target Support Files/Pods-Dependency Injection-Dependency InjectionUITests/Pods-Dependency Injection-Dependency InjectionUITests-frameworks-${CONFIGURATION}-output-files.xcfilelist",
			);
			runOnlyForDeploymentPostprocessing = 0;
			shellPath = /bin/sh;
			shellScript = "\"${PODS_ROOT}/Target Support Files/Pods-Dependency Injection-Dependency InjectionUITests/Pods-Dependency Injection-Dependency InjectionUITests-frameworks.sh\"\n";
			showEnvVarsInLog = 0;
		};
/* End PBXShellScriptBuildPhase section */

/* Begin PBXSourcesBuildPhase section */
		6E2B846D26285C30007682CB /* Sources */ = {
			isa = PBXSourcesBuildPhase;
			buildActionMask = 2147483647;
			files = (
				6E2B84C826285EB3007682CB /* ShoppingCart.swift in Sources */,
				6E9F1A4126288BFA00B22826 /* ShopVM.swift in Sources */,
				6E2B84B726285D9B007682CB /* Fruit.swift in Sources */,
				6E2B847526285C31007682CB /* AppDelegate.swift in Sources */,
				6E9F1A3C26288AE600B22826 /* PurchaseProductsUseCase.swift in Sources */,
				6E9F1A2B2628883900B22826 /* ShopRepository.swift in Sources */,
				6E2B84CD26286C3C007682CB /* ShopService.swift in Sources */,
				6E268B9926298BA000B46E3B /* Product.swift in Sources */,
				6E9F1A3726288A9400B22826 /* GetProductsUseCase.swift in Sources */,
				6E9F1A4726288C1400B22826 /* ViewModelType.swift in Sources */,
				6EB784D226299A690059E093 /* ShopViewMapper.swift in Sources */,
			);
			runOnlyForDeploymentPostprocessing = 0;
		};
		6E2B848326285C31007682CB /* Sources */ = {
			isa = PBXSourcesBuildPhase;
			buildActionMask = 2147483647;
			files = (
				6E2B848C26285C31007682CB /* Dependency_InjectionTests.swift in Sources */,
			);
			runOnlyForDeploymentPostprocessing = 0;
		};
		6E2B848E26285C31007682CB /* Sources */ = {
			isa = PBXSourcesBuildPhase;
			buildActionMask = 2147483647;
			files = (
				6E2B849726285C31007682CB /* Dependency_InjectionUITests.swift in Sources */,
			);
			runOnlyForDeploymentPostprocessing = 0;
		};
/* End PBXSourcesBuildPhase section */

/* Begin PBXTargetDependency section */
		6E2B848926285C31007682CB /* PBXTargetDependency */ = {
			isa = PBXTargetDependency;
			target = 6E2B847026285C30007682CB /* Dependency Injection */;
			targetProxy = 6E2B848826285C31007682CB /* PBXContainerItemProxy */;
		};
		6E2B849426285C31007682CB /* PBXTargetDependency */ = {
			isa = PBXTargetDependency;
			target = 6E2B847026285C30007682CB /* Dependency Injection */;
			targetProxy = 6E2B849326285C31007682CB /* PBXContainerItemProxy */;
		};
/* End PBXTargetDependency section */

/* Begin PBXVariantGroup section */
		6E2B847F26285C31007682CB /* LaunchScreen.storyboard */ = {
			isa = PBXVariantGroup;
			children = (
				6E2B848026285C31007682CB /* Base */,
			);
			name = LaunchScreen.storyboard;
			sourceTree = "<group>";
		};
/* End PBXVariantGroup section */

/* Begin XCBuildConfiguration section */
		6E2B849926285C31007682CB /* Debug */ = {
			isa = XCBuildConfiguration;
			buildSettings = {
				ALWAYS_SEARCH_USER_PATHS = NO;
				CLANG_ANALYZER_NONNULL = YES;
				CLANG_ANALYZER_NUMBER_OBJECT_CONVERSION = YES_AGGRESSIVE;
				CLANG_CXX_LANGUAGE_STANDARD = "gnu++14";
				CLANG_CXX_LIBRARY = "libc++";
				CLANG_ENABLE_MODULES = YES;
				CLANG_ENABLE_OBJC_ARC = YES;
				CLANG_ENABLE_OBJC_WEAK = YES;
				CLANG_WARN_BLOCK_CAPTURE_AUTORELEASING = YES;
				CLANG_WARN_BOOL_CONVERSION = YES;
				CLANG_WARN_COMMA = YES;
				CLANG_WARN_CONSTANT_CONVERSION = YES;
				CLANG_WARN_DEPRECATED_OBJC_IMPLEMENTATIONS = YES;
				CLANG_WARN_DIRECT_OBJC_ISA_USAGE = YES_ERROR;
				CLANG_WARN_DOCUMENTATION_COMMENTS = YES;
				CLANG_WARN_EMPTY_BODY = YES;
				CLANG_WARN_ENUM_CONVERSION = YES;
				CLANG_WARN_INFINITE_RECURSION = YES;
				CLANG_WARN_INT_CONVERSION = YES;
				CLANG_WARN_NON_LITERAL_NULL_CONVERSION = YES;
				CLANG_WARN_OBJC_IMPLICIT_RETAIN_SELF = YES;
				CLANG_WARN_OBJC_LITERAL_CONVERSION = YES;
				CLANG_WARN_OBJC_ROOT_CLASS = YES_ERROR;
				CLANG_WARN_QUOTED_INCLUDE_IN_FRAMEWORK_HEADER = YES;
				CLANG_WARN_RANGE_LOOP_ANALYSIS = YES;
				CLANG_WARN_STRICT_PROTOTYPES = YES;
				CLANG_WARN_SUSPICIOUS_MOVE = YES;
				CLANG_WARN_UNGUARDED_AVAILABILITY = YES_AGGRESSIVE;
				CLANG_WARN_UNREACHABLE_CODE = YES;
				CLANG_WARN__DUPLICATE_METHOD_MATCH = YES;
				COPY_PHASE_STRIP = NO;
				DEBUG_INFORMATION_FORMAT = dwarf;
				ENABLE_STRICT_OBJC_MSGSEND = YES;
				ENABLE_TESTABILITY = YES;
				GCC_C_LANGUAGE_STANDARD = gnu11;
				GCC_DYNAMIC_NO_PIC = NO;
				GCC_NO_COMMON_BLOCKS = YES;
				GCC_OPTIMIZATION_LEVEL = 0;
				GCC_PREPROCESSOR_DEFINITIONS = (
					"DEBUG=1",
					"$(inherited)",
				);
				GCC_WARN_64_TO_32_BIT_CONVERSION = YES;
				GCC_WARN_ABOUT_RETURN_TYPE = YES_ERROR;
				GCC_WARN_UNDECLARED_SELECTOR = YES;
				GCC_WARN_UNINITIALIZED_AUTOS = YES_AGGRESSIVE;
				GCC_WARN_UNUSED_FUNCTION = YES;
				GCC_WARN_UNUSED_VARIABLE = YES;
				IPHONEOS_DEPLOYMENT_TARGET = 14.4;
				MTL_ENABLE_DEBUG_INFO = INCLUDE_SOURCE;
				MTL_FAST_MATH = YES;
				ONLY_ACTIVE_ARCH = YES;
				SDKROOT = iphoneos;
				SWIFT_ACTIVE_COMPILATION_CONDITIONS = DEBUG;
				SWIFT_OPTIMIZATION_LEVEL = "-Onone";
			};
			name = Debug;
		};
		6E2B849A26285C31007682CB /* Release */ = {
			isa = XCBuildConfiguration;
			buildSettings = {
				ALWAYS_SEARCH_USER_PATHS = NO;
				CLANG_ANALYZER_NONNULL = YES;
				CLANG_ANALYZER_NUMBER_OBJECT_CONVERSION = YES_AGGRESSIVE;
				CLANG_CXX_LANGUAGE_STANDARD = "gnu++14";
				CLANG_CXX_LIBRARY = "libc++";
				CLANG_ENABLE_MODULES = YES;
				CLANG_ENABLE_OBJC_ARC = YES;
				CLANG_ENABLE_OBJC_WEAK = YES;
				CLANG_WARN_BLOCK_CAPTURE_AUTORELEASING = YES;
				CLANG_WARN_BOOL_CONVERSION = YES;
				CLANG_WARN_COMMA = YES;
				CLANG_WARN_CONSTANT_CONVERSION = YES;
				CLANG_WARN_DEPRECATED_OBJC_IMPLEMENTATIONS = YES;
				CLANG_WARN_DIRECT_OBJC_ISA_USAGE = YES_ERROR;
				CLANG_WARN_DOCUMENTATION_COMMENTS = YES;
				CLANG_WARN_EMPTY_BODY = YES;
				CLANG_WARN_ENUM_CONVERSION = YES;
				CLANG_WARN_INFINITE_RECURSION = YES;
				CLANG_WARN_INT_CONVERSION = YES;
				CLANG_WARN_NON_LITERAL_NULL_CONVERSION = YES;
				CLANG_WARN_OBJC_IMPLICIT_RETAIN_SELF = YES;
				CLANG_WARN_OBJC_LITERAL_CONVERSION = YES;
				CLANG_WARN_OBJC_ROOT_CLASS = YES_ERROR;
				CLANG_WARN_QUOTED_INCLUDE_IN_FRAMEWORK_HEADER = YES;
				CLANG_WARN_RANGE_LOOP_ANALYSIS = YES;
				CLANG_WARN_STRICT_PROTOTYPES = YES;
				CLANG_WARN_SUSPICIOUS_MOVE = YES;
				CLANG_WARN_UNGUARDED_AVAILABILITY = YES_AGGRESSIVE;
				CLANG_WARN_UNREACHABLE_CODE = YES;
				CLANG_WARN__DUPLICATE_METHOD_MATCH = YES;
				COPY_PHASE_STRIP = NO;
				DEBUG_INFORMATION_FORMAT = "dwarf-with-dsym";
				ENABLE_NS_ASSERTIONS = NO;
				ENABLE_STRICT_OBJC_MSGSEND = YES;
				GCC_C_LANGUAGE_STANDARD = gnu11;
				GCC_NO_COMMON_BLOCKS = YES;
				GCC_WARN_64_TO_32_BIT_CONVERSION = YES;
				GCC_WARN_ABOUT_RETURN_TYPE = YES_ERROR;
				GCC_WARN_UNDECLARED_SELECTOR = YES;
				GCC_WARN_UNINITIALIZED_AUTOS = YES_AGGRESSIVE;
				GCC_WARN_UNUSED_FUNCTION = YES;
				GCC_WARN_UNUSED_VARIABLE = YES;
				IPHONEOS_DEPLOYMENT_TARGET = 14.4;
				MTL_ENABLE_DEBUG_INFO = NO;
				MTL_FAST_MATH = YES;
				SDKROOT = iphoneos;
				SWIFT_COMPILATION_MODE = wholemodule;
				SWIFT_OPTIMIZATION_LEVEL = "-O";
				VALIDATE_PRODUCT = YES;
			};
			name = Release;
		};
		6E2B849C26285C31007682CB /* Debug */ = {
			isa = XCBuildConfiguration;
			baseConfigurationReference = 6FD501C920CA5C189051F463 /* Pods-Dependency Injection.debug.xcconfig */;
			buildSettings = {
				ASSETCATALOG_COMPILER_APPICON_NAME = AppIcon;
				ASSETCATALOG_COMPILER_GLOBAL_ACCENT_COLOR_NAME = AccentColor;
				CODE_SIGN_STYLE = Automatic;
				DEVELOPMENT_TEAM = RH7P4FBH83;
				INFOPLIST_FILE = "Dependency Injection/Info.plist";
				LD_RUNPATH_SEARCH_PATHS = (
					"$(inherited)",
					"@executable_path/Frameworks",
				);
				PRODUCT_BUNDLE_IDENTIFIER = "trikoder.Dependency-Injection";
				PRODUCT_NAME = "$(TARGET_NAME)";
				SWIFT_VERSION = 5.0;
				TARGETED_DEVICE_FAMILY = "1,2";
			};
			name = Debug;
		};
		6E2B849D26285C31007682CB /* Release */ = {
			isa = XCBuildConfiguration;
			baseConfigurationReference = D127174E874FE8B7E176819A /* Pods-Dependency Injection.release.xcconfig */;
			buildSettings = {
				ASSETCATALOG_COMPILER_APPICON_NAME = AppIcon;
				ASSETCATALOG_COMPILER_GLOBAL_ACCENT_COLOR_NAME = AccentColor;
				CODE_SIGN_STYLE = Automatic;
				DEVELOPMENT_TEAM = RH7P4FBH83;
				INFOPLIST_FILE = "Dependency Injection/Info.plist";
				LD_RUNPATH_SEARCH_PATHS = (
					"$(inherited)",
					"@executable_path/Frameworks",
				);
				PRODUCT_BUNDLE_IDENTIFIER = "trikoder.Dependency-Injection";
				PRODUCT_NAME = "$(TARGET_NAME)";
				SWIFT_VERSION = 5.0;
				TARGETED_DEVICE_FAMILY = "1,2";
			};
			name = Release;
		};
		6E2B849F26285C31007682CB /* Debug */ = {
			isa = XCBuildConfiguration;
			baseConfigurationReference = 99DC2D54725AB6CA0560680E /* Pods-Dependency InjectionTests.debug.xcconfig */;
			buildSettings = {
				ALWAYS_EMBED_SWIFT_STANDARD_LIBRARIES = YES;
				BUNDLE_LOADER = "$(TEST_HOST)";
				CODE_SIGN_STYLE = Automatic;
				DEVELOPMENT_TEAM = RH7P4FBH83;
				INFOPLIST_FILE = "Dependency InjectionTests/Info.plist";
				IPHONEOS_DEPLOYMENT_TARGET = 14.4;
				LD_RUNPATH_SEARCH_PATHS = (
					"$(inherited)",
					"@executable_path/Frameworks",
					"@loader_path/Frameworks",
				);
				PRODUCT_BUNDLE_IDENTIFIER = "trikoder.Dependency-InjectionTests";
				PRODUCT_NAME = "$(TARGET_NAME)";
				SWIFT_VERSION = 5.0;
				TARGETED_DEVICE_FAMILY = "1,2";
				TEST_HOST = "$(BUILT_PRODUCTS_DIR)/Dependency Injection.app/Dependency Injection";
			};
			name = Debug;
		};
		6E2B84A026285C31007682CB /* Release */ = {
			isa = XCBuildConfiguration;
			baseConfigurationReference = 870FC42C4ECE0B4B7FA365FB /* Pods-Dependency InjectionTests.release.xcconfig */;
			buildSettings = {
				ALWAYS_EMBED_SWIFT_STANDARD_LIBRARIES = YES;
				BUNDLE_LOADER = "$(TEST_HOST)";
				CODE_SIGN_STYLE = Automatic;
				DEVELOPMENT_TEAM = RH7P4FBH83;
				INFOPLIST_FILE = "Dependency InjectionTests/Info.plist";
				IPHONEOS_DEPLOYMENT_TARGET = 14.4;
				LD_RUNPATH_SEARCH_PATHS = (
					"$(inherited)",
					"@executable_path/Frameworks",
					"@loader_path/Frameworks",
				);
				PRODUCT_BUNDLE_IDENTIFIER = "trikoder.Dependency-InjectionTests";
				PRODUCT_NAME = "$(TARGET_NAME)";
				SWIFT_VERSION = 5.0;
				TARGETED_DEVICE_FAMILY = "1,2";
				TEST_HOST = "$(BUILT_PRODUCTS_DIR)/Dependency Injection.app/Dependency Injection";
			};
			name = Release;
		};
		6E2B84A226285C31007682CB /* Debug */ = {
			isa = XCBuildConfiguration;
			baseConfigurationReference = 9A21AD611F4DC3D8ED6CF394 /* Pods-Dependency Injection-Dependency InjectionUITests.debug.xcconfig */;
			buildSettings = {
				ALWAYS_EMBED_SWIFT_STANDARD_LIBRARIES = YES;
				CODE_SIGN_STYLE = Automatic;
				DEVELOPMENT_TEAM = RH7P4FBH83;
				INFOPLIST_FILE = "Dependency InjectionUITests/Info.plist";
				LD_RUNPATH_SEARCH_PATHS = (
					"$(inherited)",
					"@executable_path/Frameworks",
					"@loader_path/Frameworks",
				);
				PRODUCT_BUNDLE_IDENTIFIER = "trikoder.Dependency-InjectionUITests";
				PRODUCT_NAME = "$(TARGET_NAME)";
				SWIFT_VERSION = 5.0;
				TARGETED_DEVICE_FAMILY = "1,2";
				TEST_TARGET_NAME = "Dependency Injection";
			};
			name = Debug;
		};
		6E2B84A326285C31007682CB /* Release */ = {
			isa = XCBuildConfiguration;
			baseConfigurationReference = DF2FA84A0DB27A2AA2A19EC9 /* Pods-Dependency Injection-Dependency InjectionUITests.release.xcconfig */;
			buildSettings = {
				ALWAYS_EMBED_SWIFT_STANDARD_LIBRARIES = YES;
				CODE_SIGN_STYLE = Automatic;
				DEVELOPMENT_TEAM = RH7P4FBH83;
				INFOPLIST_FILE = "Dependency InjectionUITests/Info.plist";
				LD_RUNPATH_SEARCH_PATHS = (
					"$(inherited)",
					"@executable_path/Frameworks",
					"@loader_path/Frameworks",
				);
				PRODUCT_BUNDLE_IDENTIFIER = "trikoder.Dependency-InjectionUITests";
				PRODUCT_NAME = "$(TARGET_NAME)";
				SWIFT_VERSION = 5.0;
				TARGETED_DEVICE_FAMILY = "1,2";
				TEST_TARGET_NAME = "Dependency Injection";
			};
			name = Release;
		};
/* End XCBuildConfiguration section */

/* Begin XCConfigurationList section */
		6E2B846C26285C30007682CB /* Build configuration list for PBXProject "Dependency Injection" */ = {
			isa = XCConfigurationList;
			buildConfigurations = (
				6E2B849926285C31007682CB /* Debug */,
				6E2B849A26285C31007682CB /* Release */,
			);
			defaultConfigurationIsVisible = 0;
			defaultConfigurationName = Release;
		};
		6E2B849B26285C31007682CB /* Build configuration list for PBXNativeTarget "Dependency Injection" */ = {
			isa = XCConfigurationList;
			buildConfigurations = (
				6E2B849C26285C31007682CB /* Debug */,
				6E2B849D26285C31007682CB /* Release */,
			);
			defaultConfigurationIsVisible = 0;
			defaultConfigurationName = Release;
		};
		6E2B849E26285C31007682CB /* Build configuration list for PBXNativeTarget "Dependency InjectionTests" */ = {
			isa = XCConfigurationList;
			buildConfigurations = (
				6E2B849F26285C31007682CB /* Debug */,
				6E2B84A026285C31007682CB /* Release */,
			);
			defaultConfigurationIsVisible = 0;
			defaultConfigurationName = Release;
		};
		6E2B84A126285C31007682CB /* Build configuration list for PBXNativeTarget "Dependency InjectionUITests" */ = {
			isa = XCConfigurationList;
			buildConfigurations = (
				6E2B84A226285C31007682CB /* Debug */,
				6E2B84A326285C31007682CB /* Release */,
			);
			defaultConfigurationIsVisible = 0;
			defaultConfigurationName = Release;
		};
/* End XCConfigurationList section */
	};
	rootObject = 6E2B846926285C30007682CB /* Project object */;
}
